
Microsoft Visual Studio Solution File, Format Version 12.00
# Visual Studio 15
VisualStudioVersion = 15.0.27703.2035
MinimumVisualStudioVersion = 10.0.40219.1
Project("{FAE04EC0-301F-11D3-BF4B-00C04F79EFBC}") = "Monster FIghter", "Monster FIghter\Monster FIghter.csproj", "{D4E0BFA8-BB19-420C-BF12-146A108D37BE}"
EndProject
Global
	GlobalSection(SolutionConfigurationPlatforms) = preSolution
		Debug|Any CPU = Debug|Any CPU
		Release|Any CPU = Release|Any CPU
	EndGlobalSection
	GlobalSection(ProjectConfigurationPlatforms) = postSolution
		{D4E0BFA8-BB19-420C-BF12-146A108D37BE}.Debug|Any CPU.ActiveCfg = Debug|Any CPU
		{D4E0BFA8-BB19-420C-BF12-146A108D37BE}.Debug|Any CPU.Build.0 = Debug|Any CPU
		{D4E0BFA8-BB19-420C-BF12-146A108D37BE}.Release|Any CPU.ActiveCfg = Release|Any CPU
		{D4E0BFA8-BB19-420C-BF12-146A108D37BE}.Release|Any CPU.Build.0 = Release|Any CPU
	EndGlobalSection
	GlobalSection(SolutionProperties) = preSolution
		HideSolutionNode = FALSE
	EndGlobalSection
	GlobalSection(ExtensibilityGlobals) = postSolution
		SolutionGuid = {965FFFDE-9775-4B7C-959F-249C69626BA5}
	EndGlobalSection
EndGlobal
